
Microsoft Visual Studio Solution File, Format Version 12.00
# Visual Studio Version 16
VisualStudioVersion = 16.0.31624.102
MinimumVisualStudioVersion = 10.0.40219.1
Project("{FAE04EC0-301F-11D3-BF4B-00C04F79EFBC}") = "Csaba79-coder_if_else_Milton", "Csaba79-coder_if_else_Milton.csproj", "{09BB9DCE-BFFB-4390-8FD3-1ACF1A3F754A}"
EndProject
Global
	GlobalSection(SolutionConfigurationPlatforms) = preSolution
		Debug|Any CPU = Debug|Any CPU
		Release|Any CPU = Release|Any CPU
	EndGlobalSection
	GlobalSection(ProjectConfigurationPlatforms) = postSolution
		{09BB9DCE-BFFB-4390-8FD3-1ACF1A3F754A}.Debug|Any CPU.ActiveCfg = Debug|Any CPU
		{09BB9DCE-BFFB-4390-8FD3-1ACF1A3F754A}.Debug|Any CPU.Build.0 = Debug|Any CPU
		{09BB9DCE-BFFB-4390-8FD3-1ACF1A3F754A}.Release|Any CPU.ActiveCfg = Release|Any CPU
		{09BB9DCE-BFFB-4390-8FD3-1ACF1A3F754A}.Release|Any CPU.Build.0 = Release|Any CPU
	EndGlobalSection
	GlobalSection(SolutionProperties) = preSolution
		HideSolutionNode = FALSE
	EndGlobalSection
	GlobalSection(ExtensibilityGlobals) = postSolution
		SolutionGuid = {1E83DDF3-CF48-48E2-8DD5-6E02214BD7B6}
	EndGlobalSection
EndGlobal
